// !$*UTF8*$!
{
	archiveVersion = 1;
	classes = {
	};
	objectVersion = 50;
	objects = {

/* Begin PBXBuildFile section */
		FA019FB52699667100F56B38 /* DealButton.swift in Sources */ = {isa = PBXBuildFile; fileRef = FA019FB42699667100F56B38 /* DealButton.swift */; };
		FA019FBD269979B200F56B38 /* DefaultButton.swift in Sources */ = {isa = PBXBuildFile; fileRef = FA019FBC269979B200F56B38 /* DefaultButton.swift */; };
		FA30B7692697EEB000961302 /* CardButton.swift in Sources */ = {isa = PBXBuildFile; fileRef = FA30B7682697EEB000961302 /* CardButton.swift */; };
		FA30B7722698064200961302 /* SetGame.swift in Sources */ = {isa = PBXBuildFile; fileRef = FA30B7712698064200961302 /* SetGame.swift */; };
		FA30B775269806B500961302 /* Card.swift in Sources */ = {isa = PBXBuildFile; fileRef = FA30B774269806B500961302 /* Card.swift */; };
		FA68846C269D46A300B69BEC /* Grid.swift in Sources */ = {isa = PBXBuildFile; fileRef = FA68846B269D46A300B69BEC /* Grid.swift */; };
		FA68846F269D498D00B69BEC /* SetCardView.swift in Sources */ = {isa = PBXBuildFile; fileRef = FA68846E269D498D00B69BEC /* SetCardView.swift */; };
		FA688472269D52B000B69BEC /* SetContainerView.swift in Sources */ = {isa = PBXBuildFile; fileRef = FA688471269D52B000B69BEC /* SetContainerView.swift */; };
		FAEC016426971F8200F9EF86 /* AppDelegate.swift in Sources */ = {isa = PBXBuildFile; fileRef = FAEC016326971F8200F9EF86 /* AppDelegate.swift */; };
		FAEC016626971F8200F9EF86 /* SceneDelegate.swift in Sources */ = {isa = PBXBuildFile; fileRef = FAEC016526971F8200F9EF86 /* SceneDelegate.swift */; };
		FAEC016826971F8200F9EF86 /* ViewController.swift in Sources */ = {isa = PBXBuildFile; fileRef = FAEC016726971F8200F9EF86 /* ViewController.swift */; };
		FAEC016B26971F8200F9EF86 /* Main.storyboard in Resources */ = {isa = PBXBuildFile; fileRef = FAEC016926971F8200F9EF86 /* Main.storyboard */; };
		FAEC016D26971F8300F9EF86 /* Assets.xcassets in Resources */ = {isa = PBXBuildFile; fileRef = FAEC016C26971F8300F9EF86 /* Assets.xcassets */; };
		FAEC017026971F8300F9EF86 /* LaunchScreen.storyboard in Resources */ = {isa = PBXBuildFile; fileRef = FAEC016E26971F8300F9EF86 /* LaunchScreen.storyboard */; };
/* End PBXBuildFile section */

/* Begin PBXFileReference section */
		FA019FB42699667100F56B38 /* DealButton.swift */ = {isa = PBXFileReference; lastKnownFileType = sourcecode.swift; path = DealButton.swift; sourceTree = "<group>"; };
		FA019FBC269979B200F56B38 /* DefaultButton.swift */ = {isa = PBXFileReference; lastKnownFileType = sourcecode.swift; path = DefaultButton.swift; sourceTree = "<group>"; };
		FA30B7682697EEB000961302 /* CardButton.swift */ = {isa = PBXFileReference; lastKnownFileType = sourcecode.swift; path = CardButton.swift; sourceTree = "<group>"; };
		FA30B7712698064200961302 /* SetGame.swift */ = {isa = PBXFileReference; lastKnownFileType = sourcecode.swift; path = SetGame.swift; sourceTree = "<group>"; };
		FA30B774269806B500961302 /* Card.swift */ = {isa = PBXFileReference; lastKnownFileType = sourcecode.swift; path = Card.swift; sourceTree = "<group>"; };
		FA68846B269D46A300B69BEC /* Grid.swift */ = {isa = PBXFileReference; lastKnownFileType = sourcecode.swift; path = Grid.swift; sourceTree = "<group>"; };
		FA68846E269D498D00B69BEC /* SetCardView.swift */ = {isa = PBXFileReference; lastKnownFileType = sourcecode.swift; path = SetCardView.swift; sourceTree = "<group>"; };
		FA688471269D52B000B69BEC /* SetContainerView.swift */ = {isa = PBXFileReference; lastKnownFileType = sourcecode.swift; path = SetContainerView.swift; sourceTree = "<group>"; };
		FAEC016026971F8200F9EF86 /* Set.app */ = {isa = PBXFileReference; explicitFileType = wrapper.application; includeInIndex = 0; path = Set.app; sourceTree = BUILT_PRODUCTS_DIR; };
		FAEC016326971F8200F9EF86 /* AppDelegate.swift */ = {isa = PBXFileReference; lastKnownFileType = sourcecode.swift; path = AppDelegate.swift; sourceTree = "<group>"; };
		FAEC016526971F8200F9EF86 /* SceneDelegate.swift */ = {isa = PBXFileReference; lastKnownFileType = sourcecode.swift; path = SceneDelegate.swift; sourceTree = "<group>"; };
		FAEC016726971F8200F9EF86 /* ViewController.swift */ = {isa = PBXFileReference; lastKnownFileType = sourcecode.swift; path = ViewController.swift; sourceTree = "<group>"; };
		FAEC016A26971F8200F9EF86 /* Base */ = {isa = PBXFileReference; lastKnownFileType = file.storyboard; name = Base; path = Base.lproj/Main.storyboard; sourceTree = "<group>"; };
		FAEC016C26971F8300F9EF86 /* Assets.xcassets */ = {isa = PBXFileReference; lastKnownFileType = folder.assetcatalog; path = Assets.xcassets; sourceTree = "<group>"; };
		FAEC016F26971F8300F9EF86 /* Base */ = {isa = PBXFileReference; lastKnownFileType = file.storyboard; name = Base; path = Base.lproj/LaunchScreen.storyboard; sourceTree = "<group>"; };
		FAEC017126971F8300F9EF86 /* Info.plist */ = {isa = PBXFileReference; lastKnownFileType = text.plist.xml; path = Info.plist; sourceTree = "<group>"; };
/* End PBXFileReference section */

/* Begin PBXFrameworksBuildPhase section */
		FAEC015D26971F8200F9EF86 /* Frameworks */ = {
			isa = PBXFrameworksBuildPhase;
			buildActionMask = 2147483647;
			files = (
			);
			runOnlyForDeploymentPostprocessing = 0;
		};
/* End PBXFrameworksBuildPhase section */

/* Begin PBXGroup section */
		FA30B7662697EE9500961302 /* Controller */ = {
			isa = PBXGroup;
			children = (
				FAEC016726971F8200F9EF86 /* ViewController.swift */,
			);
			path = Controller;
			sourceTree = "<group>";
		};
		FA30B76B2697EEB900961302 /* View */ = {
			isa = PBXGroup;
			children = (
				FAEC016926971F8200F9EF86 /* Main.storyboard */,
				FA30B7682697EEB000961302 /* CardButton.swift */,
				FA019FB42699667100F56B38 /* DealButton.swift */,
				FA019FBC269979B200F56B38 /* DefaultButton.swift */,
				FA68846B269D46A300B69BEC /* Grid.swift */,
				FA68846E269D498D00B69BEC /* SetCardView.swift */,
				FA688471269D52B000B69BEC /* SetContainerView.swift */,
			);
			path = View;
			sourceTree = "<group>";
		};
		FA30B76E269805F100961302 /* Model */ = {
			isa = PBXGroup;
			children = (
				FA30B7712698064200961302 /* SetGame.swift */,
				FA30B774269806B500961302 /* Card.swift */,
			);
			path = Model;
			sourceTree = "<group>";
		};
		FAEC015726971F8100F9EF86 = {
			isa = PBXGroup;
			children = (
				FAEC016226971F8200F9EF86 /* Set */,
				FAEC016126971F8200F9EF86 /* Products */,
			);
			sourceTree = "<group>";
		};
		FAEC016126971F8200F9EF86 /* Products */ = {
			isa = PBXGroup;
			children = (
				FAEC016026971F8200F9EF86 /* Set.app */,
			);
			name = Products;
			sourceTree = "<group>";
		};
		FAEC016226971F8200F9EF86 /* Set */ = {
			isa = PBXGroup;
			children = (
				FAEC016326971F8200F9EF86 /* AppDelegate.swift */,
				FAEC016526971F8200F9EF86 /* SceneDelegate.swift */,
				FA30B76E269805F100961302 /* Model */,
				FA30B76B2697EEB900961302 /* View */,
				FA30B7662697EE9500961302 /* Controller */,
				FAEC016C26971F8300F9EF86 /* Assets.xcassets */,
				FAEC016E26971F8300F9EF86 /* LaunchScreen.storyboard */,
				FAEC017126971F8300F9EF86 /* Info.plist */,
			);
			path = Set;
			sourceTree = "<group>";
		};
/* End PBXGroup section */

/* Begin PBXNativeTarget section */
		FAEC015F26971F8200F9EF86 /* Set */ = {
			isa = PBXNativeTarget;
			buildConfigurationList = FAEC017426971F8300F9EF86 /* Build configuration list for PBXNativeTarget "Set" */;
			buildPhases = (
				FAEC015C26971F8200F9EF86 /* Sources */,
				FAEC015D26971F8200F9EF86 /* Frameworks */,
				FAEC015E26971F8200F9EF86 /* Resources */,
			);
			buildRules = (
			);
			dependencies = (
			);
			name = Set;
			productName = Set;
			productReference = FAEC016026971F8200F9EF86 /* Set.app */;
			productType = "com.apple.product-type.application";
		};
/* End PBXNativeTarget section */

/* Begin PBXProject section */
		FAEC015826971F8200F9EF86 /* Project object */ = {
			isa = PBXProject;
			attributes = {
				LastSwiftUpdateCheck = 1240;
				LastUpgradeCheck = 1240;
				TargetAttributes = {
					FAEC015F26971F8200F9EF86 = {
						CreatedOnToolsVersion = 12.4;
					};
				};
			};
			buildConfigurationList = FAEC015B26971F8200F9EF86 /* Build configuration list for PBXProject "Set" */;
			compatibilityVersion = "Xcode 9.3";
			developmentRegion = en;
			hasScannedForEncodings = 0;
			knownRegions = (
				en,
				Base,
			);
			mainGroup = FAEC015726971F8100F9EF86;
			productRefGroup = FAEC016126971F8200F9EF86 /* Products */;
			projectDirPath = "";
			projectRoot = "";
			targets = (
				FAEC015F26971F8200F9EF86 /* Set */,
			);
		};
/* End PBXProject section */

/* Begin PBXResourcesBuildPhase section */
		FAEC015E26971F8200F9EF86 /* Resources */ = {
			isa = PBXResourcesBuildPhase;
			buildActionMask = 2147483647;
			files = (
				FAEC017026971F8300F9EF86 /* LaunchScreen.storyboard in Resources */,
				FAEC016D26971F8300F9EF86 /* Assets.xcassets in Resources */,
				FAEC016B26971F8200F9EF86 /* Main.storyboard in Resources */,
			);
			runOnlyForDeploymentPostprocessing = 0;
		};
/* End PBXResourcesBuildPhase section */

/* Begin PBXSourcesBuildPhase section */
		FAEC015C26971F8200F9EF86 /* Sources */ = {
			isa = PBXSourcesBuildPhase;
			buildActionMask = 2147483647;
			files = (
				FA30B7722698064200961302 /* SetGame.swift in Sources */,
				FA688472269D52B000B69BEC /* SetContainerView.swift in Sources */,
				FA68846F269D498D00B69BEC /* SetCardView.swift in Sources */,
				FA30B775269806B500961302 /* Card.swift in Sources */,
				FA30B7692697EEB000961302 /* CardButton.swift in Sources */,
				FAEC016826971F8200F9EF86 /* ViewController.swift in Sources */,
				FA019FB52699667100F56B38 /* DealButton.swift in Sources */,
				FAEC016426971F8200F9EF86 /* AppDelegate.swift in Sources */,
				FAEC016626971F8200F9EF86 /* SceneDelegate.swift in Sources */,
				FA019FBD269979B200F56B38 /* DefaultButton.swift in Sources */,
				FA68846C269D46A300B69BEC /* Grid.swift in Sources */,
			);
			runOnlyForDeploymentPostprocessing = 0;
		};
/* End PBXSourcesBuildPhase section */

/* Begin PBXVariantGroup section */
		FAEC016926971F8200F9EF86 /* Main.storyboard */ = {
			isa = PBXVariantGroup;
			children = (
				FAEC016A26971F8200F9EF86 /* Base */,
			);
			name = Main.storyboard;
			sourceTree = "<group>";
		};
		FAEC016E26971F8300F9EF86 /* LaunchScreen.storyboard */ = {
			isa = PBXVariantGroup;
			children = (
				FAEC016F26971F8300F9EF86 /* Base */,
			);
			name = LaunchScreen.storyboard;
			sourceTree = "<group>";
		};
/* End PBXVariantGroup section */

/* Begin XCBuildConfiguration section */
		FAEC017226971F8300F9EF86 /* Debug */ = {
			isa = XCBuildConfiguration;
			buildSettings = {
				ALWAYS_SEARCH_USER_PATHS = NO;
				CLANG_ANALYZER_NONNULL = YES;
				CLANG_ANALYZER_NUMBER_OBJECT_CONVERSION = YES_AGGRESSIVE;
				CLANG_CXX_LANGUAGE_STANDARD = "gnu++14";
				CLANG_CXX_LIBRARY = "libc++";
				CLANG_ENABLE_MODULES = YES;
				CLANG_ENABLE_OBJC_ARC = YES;
				CLANG_ENABLE_OBJC_WEAK = YES;
				CLANG_WARN_BLOCK_CAPTURE_AUTORELEASING = YES;
				CLANG_WARN_BOOL_CONVERSION = YES;
				CLANG_WARN_COMMA = YES;
				CLANG_WARN_CONSTANT_CONVERSION = YES;
				CLANG_WARN_DEPRECATED_OBJC_IMPLEMENTATIONS = YES;
				CLANG_WARN_DIRECT_OBJC_ISA_USAGE = YES_ERROR;
				CLANG_WARN_DOCUMENTATION_COMMENTS = YES;
				CLANG_WARN_EMPTY_BODY = YES;
				CLANG_WARN_ENUM_CONVERSION = YES;
				CLANG_WARN_INFINITE_RECURSION = YES;
				CLANG_WARN_INT_CONVERSION = YES;
				CLANG_WARN_NON_LITERAL_NULL_CONVERSION = YES;
				CLANG_WARN_OBJC_IMPLICIT_RETAIN_SELF = YES;
				CLANG_WARN_OBJC_LITERAL_CONVERSION = YES;
				CLANG_WARN_OBJC_ROOT_CLASS = YES_ERROR;
				CLANG_WARN_QUOTED_INCLUDE_IN_FRAMEWORK_HEADER = YES;
				CLANG_WARN_RANGE_LOOP_ANALYSIS = YES;
				CLANG_WARN_STRICT_PROTOTYPES = YES;
				CLANG_WARN_SUSPICIOUS_MOVE = YES;
				CLANG_WARN_UNGUARDED_AVAILABILITY = YES_AGGRESSIVE;
				CLANG_WARN_UNREACHABLE_CODE = YES;
				CLANG_WARN__DUPLICATE_METHOD_MATCH = YES;
				COPY_PHASE_STRIP = NO;
				DEBUG_INFORMATION_FORMAT = dwarf;
				ENABLE_STRICT_OBJC_MSGSEND = YES;
				ENABLE_TESTABILITY = YES;
				GCC_C_LANGUAGE_STANDARD = gnu11;
				GCC_DYNAMIC_NO_PIC = NO;
				GCC_NO_COMMON_BLOCKS = YES;
				GCC_OPTIMIZATION_LEVEL = 0;
				GCC_PREPROCESSOR_DEFINITIONS = (
					"DEBUG=1",
					"$(inherited)",
				);
				GCC_WARN_64_TO_32_BIT_CONVERSION = YES;
				GCC_WARN_ABOUT_RETURN_TYPE = YES_ERROR;
				GCC_WARN_UNDECLARED_SELECTOR = YES;
				GCC_WARN_UNINITIALIZED_AUTOS = YES_AGGRESSIVE;
				GCC_WARN_UNUSED_FUNCTION = YES;
				GCC_WARN_UNUSED_VARIABLE = YES;
				IPHONEOS_DEPLOYMENT_TARGET = 14.4;
				MTL_ENABLE_DEBUG_INFO = INCLUDE_SOURCE;
				MTL_FAST_MATH = YES;
				ONLY_ACTIVE_ARCH = YES;
				SDKROOT = iphoneos;
				SWIFT_ACTIVE_COMPILATION_CONDITIONS = DEBUG;
				SWIFT_OPTIMIZATION_LEVEL = "-Onone";
			};
			name = Debug;
		};
		FAEC017326971F8300F9EF86 /* Release */ = {
			isa = XCBuildConfiguration;
			buildSettings = {
				ALWAYS_SEARCH_USER_PATHS = NO;
				CLANG_ANALYZER_NONNULL = YES;
				CLANG_ANALYZER_NUMBER_OBJECT_CONVERSION = YES_AGGRESSIVE;
				CLANG_CXX_LANGUAGE_STANDARD = "gnu++14";
				CLANG_CXX_LIBRARY = "libc++";
				CLANG_ENABLE_MODULES = YES;
				CLANG_ENABLE_OBJC_ARC = YES;
				CLANG_ENABLE_OBJC_WEAK = YES;
				CLANG_WARN_BLOCK_CAPTURE_AUTORELEASING = YES;
				CLANG_WARN_BOOL_CONVERSION = YES;
				CLANG_WARN_COMMA = YES;
				CLANG_WARN_CONSTANT_CONVERSION = YES;
				CLANG_WARN_DEPRECATED_OBJC_IMPLEMENTATIONS = YES;
				CLANG_WARN_DIRECT_OBJC_ISA_USAGE = YES_ERROR;
				CLANG_WARN_DOCUMENTATION_COMMENTS = YES;
				CLANG_WARN_EMPTY_BODY = YES;
				CLANG_WARN_ENUM_CONVERSION = YES;
				CLANG_WARN_INFINITE_RECURSION = YES;
				CLANG_WARN_INT_CONVERSION = YES;
				CLANG_WARN_NON_LITERAL_NULL_CONVERSION = YES;
				CLANG_WARN_OBJC_IMPLICIT_RETAIN_SELF = YES;
				CLANG_WARN_OBJC_LITERAL_CONVERSION = YES;
				CLANG_WARN_OBJC_ROOT_CLASS = YES_ERROR;
				CLANG_WARN_QUOTED_INCLUDE_IN_FRAMEWORK_HEADER = YES;
				CLANG_WARN_RANGE_LOOP_ANALYSIS = YES;
				CLANG_WARN_STRICT_PROTOTYPES = YES;
				CLANG_WARN_SUSPICIOUS_MOVE = YES;
				CLANG_WARN_UNGUARDED_AVAILABILITY = YES_AGGRESSIVE;
				CLANG_WARN_UNREACHABLE_CODE = YES;
				CLANG_WARN__DUPLICATE_METHOD_MATCH = YES;
				COPY_PHASE_STRIP = NO;
				DEBUG_INFORMATION_FORMAT = "dwarf-with-dsym";
				ENABLE_NS_ASSERTIONS = NO;
				ENABLE_STRICT_OBJC_MSGSEND = YES;
				GCC_C_LANGUAGE_STANDARD = gnu11;
				GCC_NO_COMMON_BLOCKS = YES;
				GCC_WARN_64_TO_32_BIT_CONVERSION = YES;
				GCC_WARN_ABOUT_RETURN_TYPE = YES_ERROR;
				GCC_WARN_UNDECLARED_SELECTOR = YES;
				GCC_WARN_UNINITIALIZED_AUTOS = YES_AGGRESSIVE;
				GCC_WARN_UNUSED_FUNCTION = YES;
				GCC_WARN_UNUSED_VARIABLE = YES;
				IPHONEOS_DEPLOYMENT_TARGET = 14.4;
				MTL_ENABLE_DEBUG_INFO = NO;
				MTL_FAST_MATH = YES;
				SDKROOT = iphoneos;
				SWIFT_COMPILATION_MODE = wholemodule;
				SWIFT_OPTIMIZATION_LEVEL = "-O";
				VALIDATE_PRODUCT = YES;
			};
			name = Release;
		};
		FAEC017526971F8300F9EF86 /* Debug */ = {
			isa = XCBuildConfiguration;
			buildSettings = {
				ASSETCATALOG_COMPILER_APPICON_NAME = AppIcon;
				ASSETCATALOG_COMPILER_GLOBAL_ACCENT_COLOR_NAME = AccentColor;
				CODE_SIGN_STYLE = Automatic;
				DEVELOPMENT_TEAM = 6PL966A5A3;
				INFOPLIST_FILE = Set/Info.plist;
				LD_RUNPATH_SEARCH_PATHS = (
					"$(inherited)",
					"@executable_path/Frameworks",
				);
				PRODUCT_BUNDLE_IDENTIFIER = com.cooke.alex.set.Set;
				PRODUCT_NAME = "$(TARGET_NAME)";
				SWIFT_VERSION = 5.0;
				TARGETED_DEVICE_FAMILY = "1,2";
			};
			name = Debug;
		};
		FAEC017626971F8300F9EF86 /* Release */ = {
			isa = XCBuildConfiguration;
			buildSettings = {
				ASSETCATALOG_COMPILER_APPICON_NAME = AppIcon;
				ASSETCATALOG_COMPILER_GLOBAL_ACCENT_COLOR_NAME = AccentColor;
				CODE_SIGN_STYLE = Automatic;
				DEVELOPMENT_TEAM = 6PL966A5A3;
				INFOPLIST_FILE = Set/Info.plist;
				LD_RUNPATH_SEARCH_PATHS = (
					"$(inherited)",
					"@executable_path/Frameworks",
				);
				PRODUCT_BUNDLE_IDENTIFIER = com.cooke.alex.set.Set;
				PRODUCT_NAME = "$(TARGET_NAME)";
				SWIFT_VERSION = 5.0;
				TARGETED_DEVICE_FAMILY = "1,2";
			};
			name = Release;
		};
/* End XCBuildConfiguration section */

/* Begin XCConfigurationList section */
		FAEC015B26971F8200F9EF86 /* Build configuration list for PBXProject "Set" */ = {
			isa = XCConfigurationList;
			buildConfigurations = (
				FAEC017226971F8300F9EF86 /* Debug */,
				FAEC017326971F8300F9EF86 /* Release */,
			);
			defaultConfigurationIsVisible = 0;
			defaultConfigurationName = Release;
		};
		FAEC017426971F8300F9EF86 /* Build configuration list for PBXNativeTarget "Set" */ = {
			isa = XCConfigurationList;
			buildConfigurations = (
				FAEC017526971F8300F9EF86 /* Debug */,
				FAEC017626971F8300F9EF86 /* Release */,
			);
			defaultConfigurationIsVisible = 0;
			defaultConfigurationName = Release;
		};
/* End XCConfigurationList section */
	};
	rootObject = FAEC015826971F8200F9EF86 /* Project object */;
}
